<?xml version="1.0" encoding="utf-8"?>
<Project ToolsVersion="4.0" xmlns="http://schemas.microsoft.com/developer/msbuild/2003">
  <ItemGroup>
    <Filter Include="Philomath">
      <UniqueIdentifier>{AB7664EA-17E1-1861-601F-CA06CCC8F6B5}</UniqueIdentifier>
    </Filter>
    <Filter Include="Philomath\Events">
      <UniqueIdentifier>{2F9472C5-1B8D-9117-44BF-769C30177123}</UniqueIdentifier>
    </Filter>
  </ItemGroup>
  <ItemGroup>
    <ClInclude Include="src\Philomath.h" />
    <ClInclude Include="src\Philomath\Application.h">
      <Filter>Philomath</Filter>
    </ClInclude>
    <ClInclude Include="src\Philomath\Core.h">
      <Filter>Philomath</Filter>
    </ClInclude>
    <ClInclude Include="src\Philomath\EntryPoint.h">
      <Filter>Philomath</Filter>
    </ClInclude>
    <ClInclude Include="src\Philomath\Events\ApplicationEvent.h">
      <Filter>Philomath\Events</Filter>
    </ClInclude>
    <ClInclude Include="src\Philomath\Events\Event.h">
      <Filter>Philomath\Events</Filter>
    </ClInclude>
    <ClInclude Include="src\Philomath\Events\KeyEvent.h">
      <Filter>Philomath\Events</Filter>
    </ClInclude>
    <ClInclude Include="src\Philomath\Events\MouseEvent.h">
      <Filter>Philomath\Events</Filter>
    </ClInclude>
    <ClInclude Include="src\Philomath\Log.h">
      <Filter>Philomath</Filter>
    </ClInclude>
    <ClInclude Include="src\pmpch.h" />
  </ItemGroup>
  <ItemGroup>
    <ClCompile Include="src\Philomath\Application.cpp">
      <Filter>Philomath</Filter>
    </ClCompile>
    <ClCompile Include="src\Philomath\Log.cpp">
      <Filter>Philomath</Filter>
    </ClCompile>
    <ClCompile Include="src\pmpch.cpp" />
  </ItemGroup>
</Project>